// !$*UTF8*$!
{
	archiveVersion = 1;
	classes = {
	};
	objectVersion = 56;
	objects = {

/* Begin PBXBuildFile section */
		7930917629A1867D006E7325 /* AppDelegate.swift in Sources */ = {isa = PBXBuildFile; fileRef = 7930917529A1867D006E7325 /* AppDelegate.swift */; };
		7930917829A1867E006E7325 /* SceneDelegate.swift in Sources */ = {isa = PBXBuildFile; fileRef = 7930917729A1867E006E7325 /* SceneDelegate.swift */; };
		7930917A29A1867E006E7325 /* ViewController.swift in Sources */ = {isa = PBXBuildFile; fileRef = 7930917929A1867E006E7325 /* ViewController.swift */; };
		7930917D29A1867E006E7325 /* Main.storyboard in Resources */ = {isa = PBXBuildFile; fileRef = 7930917B29A1867E006E7325 /* Main.storyboard */; };
		7930917F29A1867F006E7325 /* Assets.xcassets in Resources */ = {isa = PBXBuildFile; fileRef = 7930917E29A1867F006E7325 /* Assets.xcassets */; };
		7930918229A1867F006E7325 /* LaunchScreen.storyboard in Resources */ = {isa = PBXBuildFile; fileRef = 7930918029A1867F006E7325 /* LaunchScreen.storyboard */; };
		7930918A29A18F8F006E7325 /* StockPrice.swift in Sources */ = {isa = PBXBuildFile; fileRef = 7930918929A18F8F006E7325 /* StockPrice.swift */; };
		B189CFAFB255ECF5EC632342 /* Pods_LocalDBUsingRealm.framework in Frameworks */ = {isa = PBXBuildFile; fileRef = C269BF70FE09EF24048D0376 /* Pods_LocalDBUsingRealm.framework */; };
/* End PBXBuildFile section */

/* Begin PBXFileReference section */
		751D684181AE16B36EB4B1C3 /* Pods-LocalDBUsingRealm.debug.xcconfig */ = {isa = PBXFileReference; includeInIndex = 1; lastKnownFileType = text.xcconfig; name = "Pods-LocalDBUsingRealm.debug.xcconfig"; path = "Target Support Files/Pods-LocalDBUsingRealm/Pods-LocalDBUsingRealm.debug.xcconfig"; sourceTree = "<group>"; };
		7930917229A1867D006E7325 /* LocalDBUsingRealm.app */ = {isa = PBXFileReference; explicitFileType = wrapper.application; includeInIndex = 0; path = LocalDBUsingRealm.app; sourceTree = BUILT_PRODUCTS_DIR; };
		7930917529A1867D006E7325 /* AppDelegate.swift */ = {isa = PBXFileReference; lastKnownFileType = sourcecode.swift; path = AppDelegate.swift; sourceTree = "<group>"; };
		7930917729A1867E006E7325 /* SceneDelegate.swift */ = {isa = PBXFileReference; lastKnownFileType = sourcecode.swift; path = SceneDelegate.swift; sourceTree = "<group>"; };
		7930917929A1867E006E7325 /* ViewController.swift */ = {isa = PBXFileReference; lastKnownFileType = sourcecode.swift; path = ViewController.swift; sourceTree = "<group>"; };
		7930917C29A1867E006E7325 /* Base */ = {isa = PBXFileReference; lastKnownFileType = file.storyboard; name = Base; path = Base.lproj/Main.storyboard; sourceTree = "<group>"; };
		7930917E29A1867F006E7325 /* Assets.xcassets */ = {isa = PBXFileReference; lastKnownFileType = folder.assetcatalog; path = Assets.xcassets; sourceTree = "<group>"; };
		7930918129A1867F006E7325 /* Base */ = {isa = PBXFileReference; lastKnownFileType = file.storyboard; name = Base; path = Base.lproj/LaunchScreen.storyboard; sourceTree = "<group>"; };
		7930918329A1867F006E7325 /* Info.plist */ = {isa = PBXFileReference; lastKnownFileType = text.plist.xml; path = Info.plist; sourceTree = "<group>"; };
		7930918929A18F8F006E7325 /* StockPrice.swift */ = {isa = PBXFileReference; lastKnownFileType = sourcecode.swift; path = StockPrice.swift; sourceTree = "<group>"; };
		C269BF70FE09EF24048D0376 /* Pods_LocalDBUsingRealm.framework */ = {isa = PBXFileReference; explicitFileType = wrapper.framework; includeInIndex = 0; path = Pods_LocalDBUsingRealm.framework; sourceTree = BUILT_PRODUCTS_DIR; };
		E0C66ADCF173EDB3BD486B28 /* Pods-LocalDBUsingRealm.release.xcconfig */ = {isa = PBXFileReference; includeInIndex = 1; lastKnownFileType = text.xcconfig; name = "Pods-LocalDBUsingRealm.release.xcconfig"; path = "Target Support Files/Pods-LocalDBUsingRealm/Pods-LocalDBUsingRealm.release.xcconfig"; sourceTree = "<group>"; };
/* End PBXFileReference section */

/* Begin PBXFrameworksBuildPhase section */
		7930916F29A1867D006E7325 /* Frameworks */ = {
			isa = PBXFrameworksBuildPhase;
			buildActionMask = 2147483647;
			files = (
				B189CFAFB255ECF5EC632342 /* Pods_LocalDBUsingRealm.framework in Frameworks */,
			);
			runOnlyForDeploymentPostprocessing = 0;
		};
/* End PBXFrameworksBuildPhase section */

/* Begin PBXGroup section */
		7930916929A1867D006E7325 = {
			isa = PBXGroup;
			children = (
				7930917429A1867D006E7325 /* LocalDBUsingRealm */,
				7930917329A1867D006E7325 /* Products */,
				B31E620098BF8B67CCCC7664 /* Pods */,
				E5A68468691B281DB74344E9 /* Frameworks */,
			);
			sourceTree = "<group>";
		};
		7930917329A1867D006E7325 /* Products */ = {
			isa = PBXGroup;
			children = (
				7930917229A1867D006E7325 /* LocalDBUsingRealm.app */,
			);
			name = Products;
			sourceTree = "<group>";
		};
		7930917429A1867D006E7325 /* LocalDBUsingRealm */ = {
			isa = PBXGroup;
			children = (
				7930917529A1867D006E7325 /* AppDelegate.swift */,
				7930917729A1867E006E7325 /* SceneDelegate.swift */,
				7930917929A1867E006E7325 /* ViewController.swift */,
				7930917B29A1867E006E7325 /* Main.storyboard */,
				7930917E29A1867F006E7325 /* Assets.xcassets */,
				7930918029A1867F006E7325 /* LaunchScreen.storyboard */,
				7930918329A1867F006E7325 /* Info.plist */,
				7930918929A18F8F006E7325 /* StockPrice.swift */,
			);
			path = LocalDBUsingRealm;
			sourceTree = "<group>";
		};
		B31E620098BF8B67CCCC7664 /* Pods */ = {
			isa = PBXGroup;
			children = (
				751D684181AE16B36EB4B1C3 /* Pods-LocalDBUsingRealm.debug.xcconfig */,
				E0C66ADCF173EDB3BD486B28 /* Pods-LocalDBUsingRealm.release.xcconfig */,
			);
			path = Pods;
			sourceTree = "<group>";
		};
		E5A68468691B281DB74344E9 /* Frameworks */ = {
			isa = PBXGroup;
			children = (
				C269BF70FE09EF24048D0376 /* Pods_LocalDBUsingRealm.framework */,
			);
			name = Frameworks;
			sourceTree = "<group>";
		};
/* End PBXGroup section */

/* Begin PBXNativeTarget section */
		7930917129A1867D006E7325 /* LocalDBUsingRealm */ = {
			isa = PBXNativeTarget;
			buildConfigurationList = 7930918629A1867F006E7325 /* Build configuration list for PBXNativeTarget "LocalDBUsingRealm" */;
			buildPhases = (
				F9C57E9A35CB86D1A71F899B /* [CP] Check Pods Manifest.lock */,
				7930916E29A1867D006E7325 /* Sources */,
				7930916F29A1867D006E7325 /* Frameworks */,
				7930917029A1867D006E7325 /* Resources */,
				0E5C30EBE4D5D0177D097E84 /* [CP] Embed Pods Frameworks */,
			);
			buildRules = (
			);
			dependencies = (
			);
			name = LocalDBUsingRealm;
			productName = LocalDBUsingRealm;
			productReference = 7930917229A1867D006E7325 /* LocalDBUsingRealm.app */;
			productType = "com.apple.product-type.application";
		};
/* End PBXNativeTarget section */

/* Begin PBXProject section */
		7930916A29A1867D006E7325 /* Project object */ = {
			isa = PBXProject;
			attributes = {
				BuildIndependentTargetsInParallel = 1;
				LastSwiftUpdateCheck = 1420;
				LastUpgradeCheck = 1420;
				TargetAttributes = {
					7930917129A1867D006E7325 = {
						CreatedOnToolsVersion = 14.2;
					};
				};
			};
			buildConfigurationList = 7930916D29A1867D006E7325 /* Build configuration list for PBXProject "LocalDBUsingRealm" */;
			compatibilityVersion = "Xcode 14.0";
			developmentRegion = en;
			hasScannedForEncodings = 0;
			knownRegions = (
				en,
				Base,
			);
			mainGroup = 7930916929A1867D006E7325;
			productRefGroup = 7930917329A1867D006E7325 /* Products */;
			projectDirPath = "";
			projectRoot = "";
			targets = (
				7930917129A1867D006E7325 /* LocalDBUsingRealm */,
			);
		};
/* End PBXProject section */

/* Begin PBXResourcesBuildPhase section */
		7930917029A1867D006E7325 /* Resources */ = {
			isa = PBXResourcesBuildPhase;
			buildActionMask = 2147483647;
			files = (
				7930918229A1867F006E7325 /* LaunchScreen.storyboard in Resources */,
				7930917F29A1867F006E7325 /* Assets.xcassets in Resources */,
				7930917D29A1867E006E7325 /* Main.storyboard in Resources */,
			);
			runOnlyForDeploymentPostprocessing = 0;
		};
/* End PBXResourcesBuildPhase section */

/* Begin PBXShellScriptBuildPhase section */
		0E5C30EBE4D5D0177D097E84 /* [CP] Embed Pods Frameworks */ = {
			isa = PBXShellScriptBuildPhase;
			buildActionMask = 2147483647;
			files = (
			);
			inputFileListPaths = (
				"${PODS_ROOT}/Target Support Files/Pods-LocalDBUsingRealm/Pods-LocalDBUsingRealm-frameworks-${CONFIGURATION}-input-files.xcfilelist",
			);
			name = "[CP] Embed Pods Frameworks";
			outputFileListPaths = (
				"${PODS_ROOT}/Target Support Files/Pods-LocalDBUsingRealm/Pods-LocalDBUsingRealm-frameworks-${CONFIGURATION}-output-files.xcfilelist",
			);
			runOnlyForDeploymentPostprocessing = 0;
			shellPath = /bin/sh;
			shellScript = "\"${PODS_ROOT}/Target Support Files/Pods-LocalDBUsingRealm/Pods-LocalDBUsingRealm-frameworks.sh\"\n";
			showEnvVarsInLog = 0;
		};
		F9C57E9A35CB86D1A71F899B /* [CP] Check Pods Manifest.lock */ = {
			isa = PBXShellScriptBuildPhase;
			buildActionMask = 2147483647;
			files = (
			);
			inputFileListPaths = (
			);
			inputPaths = (
				"${PODS_PODFILE_DIR_PATH}/Podfile.lock",
				"${PODS_ROOT}/Manifest.lock",
			);
			name = "[CP] Check Pods Manifest.lock";
			outputFileListPaths = (
			);
			outputPaths = (
				"$(DERIVED_FILE_DIR)/Pods-LocalDBUsingRealm-checkManifestLockResult.txt",
			);
			runOnlyForDeploymentPostprocessing = 0;
			shellPath = /bin/sh;
			shellScript = "diff \"${PODS_PODFILE_DIR_PATH}/Podfile.lock\" \"${PODS_ROOT}/Manifest.lock\" > /dev/null\nif [ $? != 0 ] ; then\n    # print error to STDERR\n    echo \"error: The sandbox is not in sync with the Podfile.lock. Run 'pod install' or update your CocoaPods installation.\" >&2\n    exit 1\nfi\n# This output is used by Xcode 'outputs' to avoid re-running this script phase.\necho \"SUCCESS\" > \"${SCRIPT_OUTPUT_FILE_0}\"\n";
			showEnvVarsInLog = 0;
		};
/* End PBXShellScriptBuildPhase section */

/* Begin PBXSourcesBuildPhase section */
		7930916E29A1867D006E7325 /* Sources */ = {
			isa = PBXSourcesBuildPhase;
			buildActionMask = 2147483647;
			files = (
				7930917A29A1867E006E7325 /* ViewController.swift in Sources */,
				7930917629A1867D006E7325 /* AppDelegate.swift in Sources */,
				7930918A29A18F8F006E7325 /* StockPrice.swift in Sources */,
				7930917829A1867E006E7325 /* SceneDelegate.swift in Sources */,
			);
			runOnlyForDeploymentPostprocessing = 0;
		};
/* End PBXSourcesBuildPhase section */

/* Begin PBXVariantGroup section */
		7930917B29A1867E006E7325 /* Main.storyboard */ = {
			isa = PBXVariantGroup;
			children = (
				7930917C29A1867E006E7325 /* Base */,
			);
			name = Main.storyboard;
			sourceTree = "<group>";
		};
		7930918029A1867F006E7325 /* LaunchScreen.storyboard */ = {
			isa = PBXVariantGroup;
			children = (
				7930918129A1867F006E7325 /* Base */,
			);
			name = LaunchScreen.storyboard;
			sourceTree = "<group>";
		};
/* End PBXVariantGroup section */

/* Begin XCBuildConfiguration section */
		7930918429A1867F006E7325 /* Debug */ = {
			isa = XCBuildConfiguration;
			buildSettings = {
				ALWAYS_SEARCH_USER_PATHS = NO;
				CLANG_ANALYZER_NONNULL = YES;
				CLANG_ANALYZER_NUMBER_OBJECT_CONVERSION = YES_AGGRESSIVE;
				CLANG_CXX_LANGUAGE_STANDARD = "gnu++20";
				CLANG_ENABLE_MODULES = YES;
				CLANG_ENABLE_OBJC_ARC = YES;
				CLANG_ENABLE_OBJC_WEAK = YES;
				CLANG_WARN_BLOCK_CAPTURE_AUTORELEASING = YES;
				CLANG_WARN_BOOL_CONVERSION = YES;
				CLANG_WARN_COMMA = YES;
				CLANG_WARN_CONSTANT_CONVERSION = YES;
				CLANG_WARN_DEPRECATED_OBJC_IMPLEMENTATIONS = YES;
				CLANG_WARN_DIRECT_OBJC_ISA_USAGE = YES_ERROR;
				CLANG_WARN_DOCUMENTATION_COMMENTS = YES;
				CLANG_WARN_EMPTY_BODY = YES;
				CLANG_WARN_ENUM_CONVERSION = YES;
				CLANG_WARN_INFINITE_RECURSION = YES;
				CLANG_WARN_INT_CONVERSION = YES;
				CLANG_WARN_NON_LITERAL_NULL_CONVERSION = YES;
				CLANG_WARN_OBJC_IMPLICIT_RETAIN_SELF = YES;
				CLANG_WARN_OBJC_LITERAL_CONVERSION = YES;
				CLANG_WARN_OBJC_ROOT_CLASS = YES_ERROR;
				CLANG_WARN_QUOTED_INCLUDE_IN_FRAMEWORK_HEADER = YES;
				CLANG_WARN_RANGE_LOOP_ANALYSIS = YES;
				CLANG_WARN_STRICT_PROTOTYPES = YES;
				CLANG_WARN_SUSPICIOUS_MOVE = YES;
				CLANG_WARN_UNGUARDED_AVAILABILITY = YES_AGGRESSIVE;
				CLANG_WARN_UNREACHABLE_CODE = YES;
				CLANG_WARN__DUPLICATE_METHOD_MATCH = YES;
				COPY_PHASE_STRIP = NO;
				DEBUG_INFORMATION_FORMAT = dwarf;
				ENABLE_STRICT_OBJC_MSGSEND = YES;
				ENABLE_TESTABILITY = YES;
				GCC_C_LANGUAGE_STANDARD = gnu11;
				GCC_DYNAMIC_NO_PIC = NO;
				GCC_NO_COMMON_BLOCKS = YES;
				GCC_OPTIMIZATION_LEVEL = 0;
				GCC_PREPROCESSOR_DEFINITIONS = (
					"DEBUG=1",
					"$(inherited)",
				);
				GCC_WARN_64_TO_32_BIT_CONVERSION = YES;
				GCC_WARN_ABOUT_RETURN_TYPE = YES_ERROR;
				GCC_WARN_UNDECLARED_SELECTOR = YES;
				GCC_WARN_UNINITIALIZED_AUTOS = YES_AGGRESSIVE;
				GCC_WARN_UNUSED_FUNCTION = YES;
				GCC_WARN_UNUSED_VARIABLE = YES;
				IPHONEOS_DEPLOYMENT_TARGET = 16.2;
				MTL_ENABLE_DEBUG_INFO = INCLUDE_SOURCE;
				MTL_FAST_MATH = YES;
				ONLY_ACTIVE_ARCH = YES;
				SDKROOT = iphoneos;
				SWIFT_ACTIVE_COMPILATION_CONDITIONS = DEBUG;
				SWIFT_OPTIMIZATION_LEVEL = "-Onone";
			};
			name = Debug;
		};
		7930918529A1867F006E7325 /* Release */ = {
			isa = XCBuildConfiguration;
			buildSettings = {
				ALWAYS_SEARCH_USER_PATHS = NO;
				CLANG_ANALYZER_NONNULL = YES;
				CLANG_ANALYZER_NUMBER_OBJECT_CONVERSION = YES_AGGRESSIVE;
				CLANG_CXX_LANGUAGE_STANDARD = "gnu++20";
				CLANG_ENABLE_MODULES = YES;
				CLANG_ENABLE_OBJC_ARC = YES;
				CLANG_ENABLE_OBJC_WEAK = YES;
				CLANG_WARN_BLOCK_CAPTURE_AUTORELEASING = YES;
				CLANG_WARN_BOOL_CONVERSION = YES;
				CLANG_WARN_COMMA = YES;
				CLANG_WARN_CONSTANT_CONVERSION = YES;
				CLANG_WARN_DEPRECATED_OBJC_IMPLEMENTATIONS = YES;
				CLANG_WARN_DIRECT_OBJC_ISA_USAGE = YES_ERROR;
				CLANG_WARN_DOCUMENTATION_COMMENTS = YES;
				CLANG_WARN_EMPTY_BODY = YES;
				CLANG_WARN_ENUM_CONVERSION = YES;
				CLANG_WARN_INFINITE_RECURSION = YES;
				CLANG_WARN_INT_CONVERSION = YES;
				CLANG_WARN_NON_LITERAL_NULL_CONVERSION = YES;
				CLANG_WARN_OBJC_IMPLICIT_RETAIN_SELF = YES;
				CLANG_WARN_OBJC_LITERAL_CONVERSION = YES;
				CLANG_WARN_OBJC_ROOT_CLASS = YES_ERROR;
				CLANG_WARN_QUOTED_INCLUDE_IN_FRAMEWORK_HEADER = YES;
				CLANG_WARN_RANGE_LOOP_ANALYSIS = YES;
				CLANG_WARN_STRICT_PROTOTYPES = YES;
				CLANG_WARN_SUSPICIOUS_MOVE = YES;
				CLANG_WARN_UNGUARDED_AVAILABILITY = YES_AGGRESSIVE;
				CLANG_WARN_UNREACHABLE_CODE = YES;
				CLANG_WARN__DUPLICATE_METHOD_MATCH = YES;
				COPY_PHASE_STRIP = NO;
				DEBUG_INFORMATION_FORMAT = "dwarf-with-dsym";
				ENABLE_NS_ASSERTIONS = NO;
				ENABLE_STRICT_OBJC_MSGSEND = YES;
				GCC_C_LANGUAGE_STANDARD = gnu11;
				GCC_NO_COMMON_BLOCKS = YES;
				GCC_WARN_64_TO_32_BIT_CONVERSION = YES;
				GCC_WARN_ABOUT_RETURN_TYPE = YES_ERROR;
				GCC_WARN_UNDECLARED_SELECTOR = YES;
				GCC_WARN_UNINITIALIZED_AUTOS = YES_AGGRESSIVE;
				GCC_WARN_UNUSED_FUNCTION = YES;
				GCC_WARN_UNUSED_VARIABLE = YES;
				IPHONEOS_DEPLOYMENT_TARGET = 16.2;
				MTL_ENABLE_DEBUG_INFO = NO;
				MTL_FAST_MATH = YES;
				SDKROOT = iphoneos;
				SWIFT_COMPILATION_MODE = wholemodule;
				SWIFT_OPTIMIZATION_LEVEL = "-O";
				VALIDATE_PRODUCT = YES;
			};
			name = Release;
		};
		7930918729A1867F006E7325 /* Debug */ = {
			isa = XCBuildConfiguration;
			baseConfigurationReference = 751D684181AE16B36EB4B1C3 /* Pods-LocalDBUsingRealm.debug.xcconfig */;
			buildSettings = {
				ASSETCATALOG_COMPILER_APPICON_NAME = AppIcon;
				ASSETCATALOG_COMPILER_GLOBAL_ACCENT_COLOR_NAME = AccentColor;
				CODE_SIGN_STYLE = Automatic;
				CURRENT_PROJECT_VERSION = 1;
				GENERATE_INFOPLIST_FILE = YES;
				INFOPLIST_FILE = LocalDBUsingRealm/Info.plist;
				INFOPLIST_KEY_UIApplicationSupportsIndirectInputEvents = YES;
				INFOPLIST_KEY_UILaunchStoryboardName = LaunchScreen;
				INFOPLIST_KEY_UIMainStoryboardFile = Main;
				INFOPLIST_KEY_UISupportedInterfaceOrientations_iPad = "UIInterfaceOrientationPortrait UIInterfaceOrientationPortraitUpsideDown UIInterfaceOrientationLandscapeLeft UIInterfaceOrientationLandscapeRight";
				INFOPLIST_KEY_UISupportedInterfaceOrientations_iPhone = "UIInterfaceOrientationPortrait UIInterfaceOrientationLandscapeLeft UIInterfaceOrientationLandscapeRight";
				LD_RUNPATH_SEARCH_PATHS = (
					"$(inherited)",
					"@executable_path/Frameworks",
				);
				MARKETING_VERSION = 1.0;
				PRODUCT_BUNDLE_IDENTIFIER = edu.northeastern.shulun.LocalDBUsingRealm;
				PRODUCT_NAME = "$(TARGET_NAME)";
				SWIFT_EMIT_LOC_STRINGS = YES;
				SWIFT_VERSION = 5.0;
				TARGETED_DEVICE_FAMILY = "1,2";
			};
			name = Debug;
		};
		7930918829A1867F006E7325 /* Release */ = {
			isa = XCBuildConfiguration;
			baseConfigurationReference = E0C66ADCF173EDB3BD486B28 /* Pods-LocalDBUsingRealm.release.xcconfig */;
			buildSettings = {
				ASSETCATALOG_COMPILER_APPICON_NAME = AppIcon;
				ASSETCATALOG_COMPILER_GLOBAL_ACCENT_COLOR_NAME = AccentColor;
				CODE_SIGN_STYLE = Automatic;
				CURRENT_PROJECT_VERSION = 1;
				GENERATE_INFOPLIST_FILE = YES;
				INFOPLIST_FILE = LocalDBUsingRealm/Info.plist;
				INFOPLIST_KEY_UIApplicationSupportsIndirectInputEvents = YES;
				INFOPLIST_KEY_UILaunchStoryboardName = LaunchScreen;
				INFOPLIST_KEY_UIMainStoryboardFile = Main;
				INFOPLIST_KEY_UISupportedInterfaceOrientations_iPad = "UIInterfaceOrientationPortrait UIInterfaceOrientationPortraitUpsideDown UIInterfaceOrientationLandscapeLeft UIInterfaceOrientationLandscapeRight";
				INFOPLIST_KEY_UISupportedInterfaceOrientations_iPhone = "UIInterfaceOrientationPortrait UIInterfaceOrientationLandscapeLeft UIInterfaceOrientationLandscapeRight";
				LD_RUNPATH_SEARCH_PATHS = (
					"$(inherited)",
					"@executable_path/Frameworks",
				);
				MARKETING_VERSION = 1.0;
				PRODUCT_BUNDLE_IDENTIFIER = edu.northeastern.shulun.LocalDBUsingRealm;
				PRODUCT_NAME = "$(TARGET_NAME)";
				SWIFT_EMIT_LOC_STRINGS = YES;
				SWIFT_VERSION = 5.0;
				TARGETED_DEVICE_FAMILY = "1,2";
			};
			name = Release;
		};
/* End XCBuildConfiguration section */

/* Begin XCConfigurationList section */
		7930916D29A1867D006E7325 /* Build configuration list for PBXProject "LocalDBUsingRealm" */ = {
			isa = XCConfigurationList;
			buildConfigurations = (
				7930918429A1867F006E7325 /* Debug */,
				7930918529A1867F006E7325 /* Release */,
			);
			defaultConfigurationIsVisible = 0;
			defaultConfigurationName = Release;
		};
		7930918629A1867F006E7325 /* Build configuration list for PBXNativeTarget "LocalDBUsingRealm" */ = {
			isa = XCConfigurationList;
			buildConfigurations = (
				7930918729A1867F006E7325 /* Debug */,
				7930918829A1867F006E7325 /* Release */,
			);
			defaultConfigurationIsVisible = 0;
			defaultConfigurationName = Release;
		};
/* End XCConfigurationList section */
	};
	rootObject = 7930916A29A1867D006E7325 /* Project object */;
}
